
Microsoft Visual Studio Solution File, Format Version 12.00
# Visual Studio Version 17
VisualStudioVersion = 17.1.32210.238
MinimumVisualStudioVersion = 10.0.40219.1
Project("{FAE04EC0-301F-11D3-BF4B-00C04F79EFBC}") = "full screen desktop", "full screen desktop.csproj", "{ED8D4876-9764-448E-97B0-06BB799510A7}"
EndProject
Global
	GlobalSection(SolutionConfigurationPlatforms) = preSolution
		Debug|Any CPU = Debug|Any CPU
		Release|Any CPU = Release|Any CPU
	EndGlobalSection
	GlobalSection(ProjectConfigurationPlatforms) = postSolution
		{ED8D4876-9764-448E-97B0-06BB799510A7}.Debug|Any CPU.ActiveCfg = Debug|Any CPU
		{ED8D4876-9764-448E-97B0-06BB799510A7}.Debug|Any CPU.Build.0 = Debug|Any CPU
		{ED8D4876-9764-448E-97B0-06BB799510A7}.Release|Any CPU.ActiveCfg = Release|Any CPU
		{ED8D4876-9764-448E-97B0-06BB799510A7}.Release|Any CPU.Build.0 = Release|Any CPU
	EndGlobalSection
	GlobalSection(SolutionProperties) = preSolution
		HideSolutionNode = FALSE
	EndGlobalSection
	GlobalSection(ExtensibilityGlobals) = postSolution
		SolutionGuid = {9711F367-5F39-4EE6-B1B6-4FC393512B41}
	EndGlobalSection
EndGlobal
